
Microsoft Visual Studio Solution File, Format Version 12.00
# Visual Studio Version 17
VisualStudioVersion = 17.1.32228.430
MinimumVisualStudioVersion = 10.0.40219.1
Project("{FAE04EC0-301F-11D3-BF4B-00C04F79EFBC}") = "MvcStokProje", "MvcStokProje.csproj", "{0CC0A185-231E-4661-9339-BDC812569B08}"
EndProject
Global
	GlobalSection(SolutionConfigurationPlatforms) = preSolution
		Debug|Any CPU = Debug|Any CPU
		Release|Any CPU = Release|Any CPU
	EndGlobalSection
	GlobalSection(ProjectConfigurationPlatforms) = postSolution
		{0CC0A185-231E-4661-9339-BDC812569B08}.Debug|Any CPU.ActiveCfg = Debug|Any CPU
		{0CC0A185-231E-4661-9339-BDC812569B08}.Debug|Any CPU.Build.0 = Debug|Any CPU
		{0CC0A185-231E-4661-9339-BDC812569B08}.Release|Any CPU.ActiveCfg = Release|Any CPU
		{0CC0A185-231E-4661-9339-BDC812569B08}.Release|Any CPU.Build.0 = Release|Any CPU
	EndGlobalSection
	GlobalSection(SolutionProperties) = preSolution
		HideSolutionNode = FALSE
	EndGlobalSection
	GlobalSection(ExtensibilityGlobals) = postSolution
		SolutionGuid = {2960E069-722C-4BA6-BAAB-1DF58B15EF81}
	EndGlobalSection
EndGlobal
